
Microsoft Visual Studio Solution File, Format Version 12.00
# Visual Studio Version 17
VisualStudioVersion = 17.9.34616.47
MinimumVisualStudioVersion = 10.0.40219.1
Project("{FAE04EC0-301F-11D3-BF4B-00C04F79EFBC}") = "HW9", "HW9\HW9.csproj", "{93241640-1AA9-47C4-959A-EC4A53A07A7F}"
EndProject
Global
	GlobalSection(SolutionConfigurationPlatforms) = preSolution
		Debug|Any CPU = Debug|Any CPU
		Release|Any CPU = Release|Any CPU
	EndGlobalSection
	GlobalSection(ProjectConfigurationPlatforms) = postSolution
		{93241640-1AA9-47C4-959A-EC4A53A07A7F}.Debug|Any CPU.ActiveCfg = Debug|Any CPU
		{93241640-1AA9-47C4-959A-EC4A53A07A7F}.Debug|Any CPU.Build.0 = Debug|Any CPU
		{93241640-1AA9-47C4-959A-EC4A53A07A7F}.Release|Any CPU.ActiveCfg = Release|Any CPU
		{93241640-1AA9-47C4-959A-EC4A53A07A7F}.Release|Any CPU.Build.0 = Release|Any CPU
	EndGlobalSection
	GlobalSection(SolutionProperties) = preSolution
		HideSolutionNode = FALSE
	EndGlobalSection
	GlobalSection(ExtensibilityGlobals) = postSolution
		SolutionGuid = {8BBE807B-BAB2-4971-9CC4-7E2C6E59F8A6}
	EndGlobalSection
EndGlobal
